
Microsoft Visual Studio Solution File, Format Version 12.00
# Visual Studio Version 17
VisualStudioVersion = 17.9.34723.18
MinimumVisualStudioVersion = 10.0.40219.1
Project("{FAE04EC0-301F-11D3-BF4B-00C04F79EFBC}") = "ConsoleApp4", "ConsoleApp4\ConsoleApp4.csproj", "{DB644DBC-1ACB-41F7-B875-2DB69CB8E848}"
EndProject
Global
	GlobalSection(SolutionConfigurationPlatforms) = preSolution
		Debug|Any CPU = Debug|Any CPU
		Release|Any CPU = Release|Any CPU
	EndGlobalSection
	GlobalSection(ProjectConfigurationPlatforms) = postSolution
		{DB644DBC-1ACB-41F7-B875-2DB69CB8E848}.Debug|Any CPU.ActiveCfg = Debug|Any CPU
		{DB644DBC-1ACB-41F7-B875-2DB69CB8E848}.Debug|Any CPU.Build.0 = Debug|Any CPU
		{DB644DBC-1ACB-41F7-B875-2DB69CB8E848}.Release|Any CPU.ActiveCfg = Release|Any CPU
		{DB644DBC-1ACB-41F7-B875-2DB69CB8E848}.Release|Any CPU.Build.0 = Release|Any CPU
	EndGlobalSection
	GlobalSection(SolutionProperties) = preSolution
		HideSolutionNode = FALSE
	EndGlobalSection
	GlobalSection(ExtensibilityGlobals) = postSolution
		SolutionGuid = {83999636-4CD1-46E9-986A-88175684AEF4}
	EndGlobalSection
EndGlobal
